
Microsoft Visual Studio Solution File, Format Version 12.00
# Visual Studio Version 17
VisualStudioVersion = 17.11.35431.28
MinimumVisualStudioVersion = 10.0.40219.1
Project("{FAE04EC0-301F-11D3-BF4B-00C04F79EFBC}") = "CalculX.WebApi", "CalculX.WebApi\CalculX.WebApi.csproj", "{E0AF968E-8044-4B36-A0F7-78F8F52AAACD}"
EndProject
Project("{2150E333-8FDC-42A3-9474-1A3956D46DE8}") = "Services", "Services", "{08C08022-1415-47CF-AB46-A15DD521C915}"
EndProject
Project("{2150E333-8FDC-42A3-9474-1A3956D46DE8}") = "Test", "Test", "{53E65A6F-704B-44B2-8C0C-D6F8102DA884}"
EndProject
Project("{FAE04EC0-301F-11D3-BF4B-00C04F79EFBC}") = "AuthServiceTest", "CalculX.Test\AuthServiceTest\AuthServiceTest.csproj", "{0CE6F5E1-D63C-45E2-BE31-3DC6A56C9912}"
EndProject
Project("{FAE04EC0-301F-11D3-BF4B-00C04F79EFBC}") = "CalculX.Base", "CalculX.Base\CalculX.Base.csproj", "{9A7A40B2-0338-43F0-86E0-5825835A6655}"
EndProject
Project("{FAE04EC0-301F-11D3-BF4B-00C04F79EFBC}") = "AIAssistantService", "Calculx.Services\AIAssistantService\AIAssistantService.csproj", "{2F876B92-1D03-400C-AC73-6827DDCBCB1C}"
EndProject
Project("{FAE04EC0-301F-11D3-BF4B-00C04F79EFBC}") = "AuthService", "Calculx.Services\AuthService\AuthService.csproj", "{3FFDFFF8-2D34-41E2-AB5E-93EC9EFA8338}"
EndProject
Project("{FAE04EC0-301F-11D3-BF4B-00C04F79EFBC}") = "GeneralLedgerService", "Calculx.Services\GeneralLedgerService\GeneralLedgerService.csproj", "{010AEDC3-92E9-46DA-B374-CF718B1C0271}"
EndProject
Project("{FAE04EC0-301F-11D3-BF4B-00C04F79EFBC}") = "UserService", "Calculx.Services\UserService\UserService.csproj", "{0EA92F0D-44DB-4627-A7B6-93EBAB2EC25E}"
EndProject
Project("{FAE04EC0-301F-11D3-BF4B-00C04F79EFBC}") = "AccountingService", "Calculx.Services\AccountingService\AccountingService.csproj", "{6EF06FC8-E99D-4336-AA04-B33E92758E2B}"
EndProject
Global
	GlobalSection(SolutionConfigurationPlatforms) = preSolution
		Debug|Any CPU = Debug|Any CPU
		Release|Any CPU = Release|Any CPU
	EndGlobalSection
	GlobalSection(ProjectConfigurationPlatforms) = postSolution
		{E0AF968E-8044-4B36-A0F7-78F8F52AAACD}.Debug|Any CPU.ActiveCfg = Debug|Any CPU
		{E0AF968E-8044-4B36-A0F7-78F8F52AAACD}.Debug|Any CPU.Build.0 = Debug|Any CPU
		{E0AF968E-8044-4B36-A0F7-78F8F52AAACD}.Release|Any CPU.ActiveCfg = Release|Any CPU
		{E0AF968E-8044-4B36-A0F7-78F8F52AAACD}.Release|Any CPU.Build.0 = Release|Any CPU
		{0CE6F5E1-D63C-45E2-BE31-3DC6A56C9912}.Debug|Any CPU.ActiveCfg = Debug|Any CPU
		{0CE6F5E1-D63C-45E2-BE31-3DC6A56C9912}.Debug|Any CPU.Build.0 = Debug|Any CPU
		{0CE6F5E1-D63C-45E2-BE31-3DC6A56C9912}.Release|Any CPU.ActiveCfg = Release|Any CPU
		{0CE6F5E1-D63C-45E2-BE31-3DC6A56C9912}.Release|Any CPU.Build.0 = Release|Any CPU
		{9A7A40B2-0338-43F0-86E0-5825835A6655}.Debug|Any CPU.ActiveCfg = Debug|Any CPU
		{9A7A40B2-0338-43F0-86E0-5825835A6655}.Debug|Any CPU.Build.0 = Debug|Any CPU
		{9A7A40B2-0338-43F0-86E0-5825835A6655}.Release|Any CPU.ActiveCfg = Release|Any CPU
		{9A7A40B2-0338-43F0-86E0-5825835A6655}.Release|Any CPU.Build.0 = Release|Any CPU
		{2F876B92-1D03-400C-AC73-6827DDCBCB1C}.Debug|Any CPU.ActiveCfg = Debug|Any CPU
		{2F876B92-1D03-400C-AC73-6827DDCBCB1C}.Debug|Any CPU.Build.0 = Debug|Any CPU
		{2F876B92-1D03-400C-AC73-6827DDCBCB1C}.Release|Any CPU.ActiveCfg = Release|Any CPU
		{2F876B92-1D03-400C-AC73-6827DDCBCB1C}.Release|Any CPU.Build.0 = Release|Any CPU
		{3FFDFFF8-2D34-41E2-AB5E-93EC9EFA8338}.Debug|Any CPU.ActiveCfg = Debug|Any CPU
		{3FFDFFF8-2D34-41E2-AB5E-93EC9EFA8338}.Debug|Any CPU.Build.0 = Debug|Any CPU
		{3FFDFFF8-2D34-41E2-AB5E-93EC9EFA8338}.Release|Any CPU.ActiveCfg = Release|Any CPU
		{3FFDFFF8-2D34-41E2-AB5E-93EC9EFA8338}.Release|Any CPU.Build.0 = Release|Any CPU
		{010AEDC3-92E9-46DA-B374-CF718B1C0271}.Debug|Any CPU.ActiveCfg = Debug|Any CPU
		{010AEDC3-92E9-46DA-B374-CF718B1C0271}.Debug|Any CPU.Build.0 = Debug|Any CPU
		{010AEDC3-92E9-46DA-B374-CF718B1C0271}.Release|Any CPU.ActiveCfg = Release|Any CPU
		{010AEDC3-92E9-46DA-B374-CF718B1C0271}.Release|Any CPU.Build.0 = Release|Any CPU
		{0EA92F0D-44DB-4627-A7B6-93EBAB2EC25E}.Debug|Any CPU.ActiveCfg = Debug|Any CPU
		{0EA92F0D-44DB-4627-A7B6-93EBAB2EC25E}.Debug|Any CPU.Build.0 = Debug|Any CPU
		{0EA92F0D-44DB-4627-A7B6-93EBAB2EC25E}.Release|Any CPU.ActiveCfg = Release|Any CPU
		{0EA92F0D-44DB-4627-A7B6-93EBAB2EC25E}.Release|Any CPU.Build.0 = Release|Any CPU
		{6EF06FC8-E99D-4336-AA04-B33E92758E2B}.Debug|Any CPU.ActiveCfg = Debug|Any CPU
		{6EF06FC8-E99D-4336-AA04-B33E92758E2B}.Debug|Any CPU.Build.0 = Debug|Any CPU
		{6EF06FC8-E99D-4336-AA04-B33E92758E2B}.Release|Any CPU.ActiveCfg = Release|Any CPU
		{6EF06FC8-E99D-4336-AA04-B33E92758E2B}.Release|Any CPU.Build.0 = Release|Any CPU
	EndGlobalSection
	GlobalSection(SolutionProperties) = preSolution
		HideSolutionNode = FALSE
	EndGlobalSection
	GlobalSection(NestedProjects) = preSolution
		{0CE6F5E1-D63C-45E2-BE31-3DC6A56C9912} = {53E65A6F-704B-44B2-8C0C-D6F8102DA884}
		{2F876B92-1D03-400C-AC73-6827DDCBCB1C} = {08C08022-1415-47CF-AB46-A15DD521C915}
		{3FFDFFF8-2D34-41E2-AB5E-93EC9EFA8338} = {08C08022-1415-47CF-AB46-A15DD521C915}
		{010AEDC3-92E9-46DA-B374-CF718B1C0271} = {08C08022-1415-47CF-AB46-A15DD521C915}
		{0EA92F0D-44DB-4627-A7B6-93EBAB2EC25E} = {08C08022-1415-47CF-AB46-A15DD521C915}
		{6EF06FC8-E99D-4336-AA04-B33E92758E2B} = {08C08022-1415-47CF-AB46-A15DD521C915}
	EndGlobalSection
	GlobalSection(ExtensibilityGlobals) = postSolution
		SolutionGuid = {2F84A0DD-F2FA-418D-AF9E-B0ABA384D4E8}
	EndGlobalSection
EndGlobal
